// !$*UTF8*$!
{
	archiveVersion = 1;
	classes = {
	};
	objectVersion = 56;
	objects = {

/* Begin PBXBuildFile section */
		A1000001001 /* DECtalkSynthesizerApp.swift in Sources */ = {isa = PBXBuildFile; fileRef = A1000001000 /* DECtalkSynthesizerApp.swift */; };
		A1000002001 /* ContentView.swift in Sources */ = {isa = PBXBuildFile; fileRef = A1000002000 /* ContentView.swift */; };
		A1000011001 /* DECtalkSynthesizerAudioUnit.swift in Sources */ = {isa = PBXBuildFile; fileRef = A1000011000 /* DECtalkSynthesizerAudioUnit.swift */; };
		A1000012001 /* AudioUnitFactory.swift in Sources */ = {isa = PBXBuildFile; fileRef = A1000012000 /* AudioUnitFactory.swift */; };
		A1000021001 /* DECtalkBridge.c in Sources */ = {isa = PBXBuildFile; fileRef = A1000021000 /* DECtalkBridge.c */; };
		A1000022001 /* DECtalkBridge.h in Headers */ = {isa = PBXBuildFile; fileRef = A1000022000 /* DECtalkBridge.h */; };
		A1000030001 /* libdectalk.a in Frameworks */ = {isa = PBXBuildFile; fileRef = A1000030000 /* libdectalk.a */; };
		A1000031001 /* dtalk_us.dic in Resources */ = {isa = PBXBuildFile; fileRef = A1000031000 /* dtalk_us.dic */; };
		A1000040001 /* DECtalkSynthesizerExtension.appex in Embed Foundation Extensions */ = {isa = PBXBuildFile; fileRef = A1000040000 /* DECtalkSynthesizerExtension.appex */; settings = {ATTRIBUTES = (RemoveHeadersOnCopy, ); }; };
/* End PBXBuildFile section */

/* Begin PBXContainerItemProxy section */
		A1000050001 /* PBXContainerItemProxy */ = {
			isa = PBXContainerItemProxy;
			containerPortal = A1000099000 /* Project object */;
			proxyType = 1;
			remoteGlobalIDString = A1000040100;
			remoteInfo = DECtalkSynthesizerExtension;
		};
/* End PBXContainerItemProxy section */

/* Begin PBXCopyFilesBuildPhase section */
		A1000060000 /* Embed Foundation Extensions */ = {
			isa = PBXCopyFilesBuildPhase;
			buildActionMask = 2147483647;
			dstPath = "";
			dstSubfolderSpec = 13;
			files = (
				A1000040001 /* DECtalkSynthesizerExtension.appex in Embed Foundation Extensions */,
			);
			name = "Embed Foundation Extensions";
			runOnlyForDeploymentPostprocessing = 0;
		};
/* End PBXCopyFilesBuildPhase section */

/* Begin PBXFileReference section */
		A1000001000 /* DECtalkSynthesizerApp.swift */ = {isa = PBXFileReference; lastKnownFileType = sourcecode.swift; path = DECtalkSynthesizerApp.swift; sourceTree = "<group>"; };
		A1000002000 /* ContentView.swift */ = {isa = PBXFileReference; lastKnownFileType = sourcecode.swift; path = ContentView.swift; sourceTree = "<group>"; };
		A1000004000 /* Info.plist */ = {isa = PBXFileReference; lastKnownFileType = text.plist.xml; path = Info.plist; sourceTree = "<group>"; };
		A1000005000 /* DECtalkSynthesizer.entitlements */ = {isa = PBXFileReference; lastKnownFileType = text.plist.entitlements; path = DECtalkSynthesizer.entitlements; sourceTree = "<group>"; };
		A1000011000 /* DECtalkSynthesizerAudioUnit.swift */ = {isa = PBXFileReference; lastKnownFileType = sourcecode.swift; path = DECtalkSynthesizerAudioUnit.swift; sourceTree = "<group>"; };
		A1000012000 /* AudioUnitFactory.swift */ = {isa = PBXFileReference; lastKnownFileType = sourcecode.swift; path = AudioUnitFactory.swift; sourceTree = "<group>"; };
		A1000013000 /* DECtalkSynthesizerExtension-Bridging-Header.h */ = {isa = PBXFileReference; lastKnownFileType = sourcecode.c.h; path = "DECtalkSynthesizerExtension-Bridging-Header.h"; sourceTree = "<group>"; };
		A1000014000 /* Info.plist */ = {isa = PBXFileReference; lastKnownFileType = text.plist.xml; path = Info.plist; sourceTree = "<group>"; };
		A1000015000 /* DECtalkSynthesizerExtension.entitlements */ = {isa = PBXFileReference; lastKnownFileType = text.plist.entitlements; path = DECtalkSynthesizerExtension.entitlements; sourceTree = "<group>"; };
		A1000021000 /* DECtalkBridge.c */ = {isa = PBXFileReference; lastKnownFileType = sourcecode.c.c; path = DECtalkBridge.c; sourceTree = "<group>"; };
		A1000022000 /* DECtalkBridge.h */ = {isa = PBXFileReference; lastKnownFileType = sourcecode.c.h; path = DECtalkBridge.h; sourceTree = "<group>"; };
		A1000030000 /* libdectalk.a */ = {isa = PBXFileReference; lastKnownFileType = archive.ar; name = libdectalk.a; path = lib/libdectalk.a; sourceTree = "<group>"; };
		A1000031000 /* dtalk_us.dic */ = {isa = PBXFileReference; lastKnownFileType = file; path = dtalk_us.dic; sourceTree = "<group>"; };
		A1000040000 /* DECtalkSynthesizerExtension.appex */ = {isa = PBXFileReference; explicitFileType = "wrapper.app-extension"; includeInIndex = 0; path = DECtalkSynthesizerExtension.appex; sourceTree = BUILT_PRODUCTS_DIR; };
		A1000041000 /* DECtalkSynthesizer.app */ = {isa = PBXFileReference; explicitFileType = wrapper.application; includeInIndex = 0; path = DECtalkSynthesizer.app; sourceTree = BUILT_PRODUCTS_DIR; };
/* End PBXFileReference section */

/* Begin PBXFrameworksBuildPhase section */
		A1000070000 /* Frameworks */ = {
			isa = PBXFrameworksBuildPhase;
			buildActionMask = 2147483647;
			files = (
			);
			runOnlyForDeploymentPostprocessing = 0;
		};
		A1000070001 /* Frameworks */ = {
			isa = PBXFrameworksBuildPhase;
			buildActionMask = 2147483647;
			files = (
				A1000030001 /* libdectalk.a in Frameworks */,
			);
			runOnlyForDeploymentPostprocessing = 0;
		};
/* End PBXFrameworksBuildPhase section */

/* Begin PBXGroup section */
		A1000080000 = {
			isa = PBXGroup;
			children = (
				A1000080001 /* DECtalkSynthesizer */,
				A1000080002 /* DECtalkSynthesizerExtension */,
				A1000080003 /* Shared */,
				A1000080004 /* Products */,
				A1000080005 /* Frameworks */,
			);
			sourceTree = "<group>";
		};
		A1000080001 /* DECtalkSynthesizer */ = {
			isa = PBXGroup;
			children = (
				A1000001000 /* DECtalkSynthesizerApp.swift */,
				A1000002000 /* ContentView.swift */,
				A1000004000 /* Info.plist */,
				A1000005000 /* DECtalkSynthesizer.entitlements */,
			);
			path = DECtalkSynthesizer;
			sourceTree = "<group>";
		};
		A1000080002 /* DECtalkSynthesizerExtension */ = {
			isa = PBXGroup;
			children = (
				A1000011000 /* DECtalkSynthesizerAudioUnit.swift */,
				A1000012000 /* AudioUnitFactory.swift */,
				A1000013000 /* DECtalkSynthesizerExtension-Bridging-Header.h */,
				A1000014000 /* Info.plist */,
				A1000015000 /* DECtalkSynthesizerExtension.entitlements */,
			);
			path = DECtalkSynthesizerExtension;
			sourceTree = "<group>";
		};
		A1000080003 /* Shared */ = {
			isa = PBXGroup;
			children = (
				A1000021000 /* DECtalkBridge.c */,
				A1000022000 /* DECtalkBridge.h */,
				A1000031000 /* dtalk_us.dic */,
			);
			path = Shared;
			sourceTree = "<group>";
		};
		A1000080004 /* Products */ = {
			isa = PBXGroup;
			children = (
				A1000041000 /* DECtalkSynthesizer.app */,
				A1000040000 /* DECtalkSynthesizerExtension.appex */,
			);
			name = Products;
			sourceTree = "<group>";
		};
		A1000080005 /* Frameworks */ = {
			isa = PBXGroup;
			children = (
				A1000030000 /* libdectalk.a */,
			);
			name = Frameworks;
			sourceTree = "<group>";
		};
/* End PBXGroup section */

/* Begin PBXHeadersBuildPhase section */
		A1000075000 /* Headers */ = {
			isa = PBXHeadersBuildPhase;
			buildActionMask = 2147483647;
			files = (
				A1000022001 /* DECtalkBridge.h in Headers */,
			);
			runOnlyForDeploymentPostprocessing = 0;
		};
/* End PBXHeadersBuildPhase section */

/* Begin PBXNativeTarget section */
		A1000040100 /* DECtalkSynthesizerExtension */ = {
			isa = PBXNativeTarget;
			buildConfigurationList = A1000090002 /* Build configuration list for PBXNativeTarget "DECtalkSynthesizerExtension" */;
			buildPhases = (
				A1000075000 /* Headers */,
				A1000070002 /* Sources */,
				A1000070001 /* Frameworks */,
				A1000076000 /* Resources */,
			);
			buildRules = (
			);
			dependencies = (
			);
			name = DECtalkSynthesizerExtension;
			productName = DECtalkSynthesizerExtension;
			productReference = A1000040000 /* DECtalkSynthesizerExtension.appex */;
			productType = "com.apple.product-type.app-extension";
		};
		A1000041100 /* DECtalkSynthesizer */ = {
			isa = PBXNativeTarget;
			buildConfigurationList = A1000090001 /* Build configuration list for PBXNativeTarget "DECtalkSynthesizer" */;
			buildPhases = (
				A1000070003 /* Sources */,
				A1000070000 /* Frameworks */,
				A1000060000 /* Embed Foundation Extensions */,
			);
			buildRules = (
			);
			dependencies = (
				A1000050000 /* PBXTargetDependency */,
			);
			name = DECtalkSynthesizer;
			productName = DECtalkSynthesizer;
			productReference = A1000041000 /* DECtalkSynthesizer.app */;
			productType = "com.apple.product-type.application";
		};
/* End PBXNativeTarget section */

/* Begin PBXProject section */
		A1000099000 /* Project object */ = {
			isa = PBXProject;
			attributes = {
				BuildIndependentTargetsInParallel = 1;
				LastSwiftUpdateCheck = 1500;
				LastUpgradeCheck = 1500;
				TargetAttributes = {
					A1000040100 = {
						CreatedOnToolsVersion = 15.0;
					};
					A1000041100 = {
						CreatedOnToolsVersion = 15.0;
					};
				};
			};
			buildConfigurationList = A1000090000 /* Build configuration list for PBXProject "DECtalkSynthesizer" */;
			compatibilityVersion = "Xcode 14.0";
			developmentRegion = en;
			hasScannedForEncodings = 0;
			knownRegions = (
				en,
				Base,
			);
			mainGroup = A1000080000;
			productRefGroup = A1000080004 /* Products */;
			projectDirPath = "";
			projectRoot = "";
			targets = (
				A1000041100 /* DECtalkSynthesizer */,
				A1000040100 /* DECtalkSynthesizerExtension */,
			);
		};
/* End PBXProject section */

/* Begin PBXResourcesBuildPhase section */
		A1000076000 /* Resources */ = {
			isa = PBXResourcesBuildPhase;
			buildActionMask = 2147483647;
			files = (
				A1000031001 /* dtalk_us.dic in Resources */,
			);
			runOnlyForDeploymentPostprocessing = 0;
		};
/* End PBXResourcesBuildPhase section */

/* Begin PBXSourcesBuildPhase section */
		A1000070002 /* Sources */ = {
			isa = PBXSourcesBuildPhase;
			buildActionMask = 2147483647;
			files = (
				A1000011001 /* DECtalkSynthesizerAudioUnit.swift in Sources */,
				A1000012001 /* AudioUnitFactory.swift in Sources */,
				A1000021001 /* DECtalkBridge.c in Sources */,
			);
			runOnlyForDeploymentPostprocessing = 0;
		};
		A1000070003 /* Sources */ = {
			isa = PBXSourcesBuildPhase;
			buildActionMask = 2147483647;
			files = (
				A1000001001 /* DECtalkSynthesizerApp.swift in Sources */,
				A1000002001 /* ContentView.swift in Sources */,
			);
			runOnlyForDeploymentPostprocessing = 0;
		};
/* End PBXSourcesBuildPhase section */

/* Begin PBXTargetDependency section */
		A1000050000 /* PBXTargetDependency */ = {
			isa = PBXTargetDependency;
			target = A1000040100 /* DECtalkSynthesizerExtension */;
			targetProxy = A1000050001 /* PBXContainerItemProxy */;
		};
/* End PBXTargetDependency section */

/* Begin XCBuildConfiguration section */
		A1000091000 /* Debug */ = {
			isa = XCBuildConfiguration;
			buildSettings = {
				ALWAYS_SEARCH_USER_PATHS = NO;
				ASSETCATALOG_COMPILER_GENERATE_SWIFT_ASSET_SYMBOL_EXTENSIONS = YES;
				CLANG_ANALYZER_NONNULL = YES;
				CLANG_ANALYZER_NUMBER_OBJECT_CONVERSION = YES_AGGRESSIVE;
				CLANG_CXX_LANGUAGE_STANDARD = "gnu++20";
				CLANG_ENABLE_MODULES = YES;
				CLANG_ENABLE_OBJC_ARC = YES;
				CLANG_ENABLE_OBJC_WEAK = YES;
				CLANG_WARN_BLOCK_CAPTURE_AUTORELEASING = YES;
				CLANG_WARN_BOOL_CONVERSION = YES;
				CLANG_WARN_COMMA = YES;
				CLANG_WARN_CONSTANT_CONVERSION = YES;
				CLANG_WARN_DEPRECATED_OBJC_IMPLEMENTATIONS = YES;
				CLANG_WARN_DIRECT_OBJC_ISA_USAGE = YES_ERROR;
				CLANG_WARN_DOCUMENTATION_COMMENTS = YES;
				CLANG_WARN_EMPTY_BODY = YES;
				CLANG_WARN_ENUM_CONVERSION = YES;
				CLANG_WARN_INFINITE_RECURSION = YES;
				CLANG_WARN_INT_CONVERSION = YES;
				CLANG_WARN_NON_LITERAL_NULL_CONVERSION = YES;
				CLANG_WARN_OBJC_IMPLICIT_RETAIN_SELF = YES;
				CLANG_WARN_OBJC_LITERAL_CONVERSION = YES;
				CLANG_WARN_OBJC_ROOT_CLASS = YES_ERROR;
				CLANG_WARN_QUOTED_INCLUDE_IN_FRAMEWORK_HEADER = YES;
				CLANG_WARN_RANGE_LOOP_ANALYSIS = YES;
				CLANG_WARN_STRICT_PROTOTYPES = YES;
				CLANG_WARN_SUSPICIOUS_MOVE = YES;
				CLANG_WARN_UNGUARDED_AVAILABILITY = YES_AGGRESSIVE;
				CLANG_WARN_UNREACHABLE_CODE = YES;
				CLANG_WARN__DUPLICATE_METHOD_MATCH = YES;
				COPY_PHASE_STRIP = NO;
				DEBUG_INFORMATION_FORMAT = dwarf;
				ENABLE_STRICT_OBJC_MSGSEND = YES;
				ENABLE_TESTABILITY = YES;
				ENABLE_USER_SCRIPT_SANDBOXING = YES;
				GCC_C_LANGUAGE_STANDARD = gnu17;
				GCC_DYNAMIC_NO_PIC = NO;
				GCC_NO_COMMON_BLOCKS = YES;
				GCC_OPTIMIZATION_LEVEL = 0;
				GCC_PREPROCESSOR_DEFINITIONS = (
					"DEBUG=1",
					"$(inherited)",
				);
				GCC_WARN_64_TO_32_BIT_CONVERSION = YES;
				GCC_WARN_ABOUT_RETURN_TYPE = YES_ERROR;
				GCC_WARN_UNDECLARED_SELECTOR = YES;
				GCC_WARN_UNINITIALIZED_AUTOS = YES_AGGRESSIVE;
				GCC_WARN_UNUSED_FUNCTION = YES;
				GCC_WARN_UNUSED_VARIABLE = YES;
				LOCALIZATION_PREFERS_STRING_CATALOGS = YES;
				MACOSX_DEPLOYMENT_TARGET = 14.0;
				MTL_ENABLE_DEBUG_INFO = INCLUDE_SOURCE;
				MTL_FAST_MATH = YES;
				ONLY_ACTIVE_ARCH = YES;
				SDKROOT = macosx;
				SWIFT_ACTIVE_COMPILATION_CONDITIONS = "DEBUG $(inherited)";
				SWIFT_OPTIMIZATION_LEVEL = "-Onone";
			};
			name = Debug;
		};
		A1000091001 /* Release */ = {
			isa = XCBuildConfiguration;
			buildSettings = {
				ALWAYS_SEARCH_USER_PATHS = NO;
				ASSETCATALOG_COMPILER_GENERATE_SWIFT_ASSET_SYMBOL_EXTENSIONS = YES;
				CLANG_ANALYZER_NONNULL = YES;
				CLANG_ANALYZER_NUMBER_OBJECT_CONVERSION = YES_AGGRESSIVE;
				CLANG_CXX_LANGUAGE_STANDARD = "gnu++20";
				CLANG_ENABLE_MODULES = YES;
				CLANG_ENABLE_OBJC_ARC = YES;
				CLANG_ENABLE_OBJC_WEAK = YES;
				CLANG_WARN_BLOCK_CAPTURE_AUTORELEASING = YES;
				CLANG_WARN_BOOL_CONVERSION = YES;
				CLANG_WARN_COMMA = YES;
				CLANG_WARN_CONSTANT_CONVERSION = YES;
				CLANG_WARN_DEPRECATED_OBJC_IMPLEMENTATIONS = YES;
				CLANG_WARN_DIRECT_OBJC_ISA_USAGE = YES_ERROR;
				CLANG_WARN_DOCUMENTATION_COMMENTS = YES;
				CLANG_WARN_EMPTY_BODY = YES;
				CLANG_WARN_ENUM_CONVERSION = YES;
				CLANG_WARN_INFINITE_RECURSION = YES;
				CLANG_WARN_INT_CONVERSION = YES;
				CLANG_WARN_NON_LITERAL_NULL_CONVERSION = YES;
				CLANG_WARN_OBJC_IMPLICIT_RETAIN_SELF = YES;
				CLANG_WARN_OBJC_LITERAL_CONVERSION = YES;
				CLANG_WARN_OBJC_ROOT_CLASS = YES_ERROR;
				CLANG_WARN_QUOTED_INCLUDE_IN_FRAMEWORK_HEADER = YES;
				CLANG_WARN_RANGE_LOOP_ANALYSIS = YES;
				CLANG_WARN_STRICT_PROTOTYPES = YES;
				CLANG_WARN_SUSPICIOUS_MOVE = YES;
				CLANG_WARN_UNGUARDED_AVAILABILITY = YES_AGGRESSIVE;
				CLANG_WARN_UNREACHABLE_CODE = YES;
				CLANG_WARN__DUPLICATE_METHOD_MATCH = YES;
				COPY_PHASE_STRIP = NO;
				DEBUG_INFORMATION_FORMAT = "dwarf-with-dsym";
				ENABLE_NS_ASSERTIONS = NO;
				ENABLE_STRICT_OBJC_MSGSEND = YES;
				ENABLE_USER_SCRIPT_SANDBOXING = YES;
				GCC_C_LANGUAGE_STANDARD = gnu17;
				GCC_NO_COMMON_BLOCKS = YES;
				GCC_WARN_64_TO_32_BIT_CONVERSION = YES;
				GCC_WARN_ABOUT_RETURN_TYPE = YES_ERROR;
				GCC_WARN_UNDECLARED_SELECTOR = YES;
				GCC_WARN_UNINITIALIZED_AUTOS = YES_AGGRESSIVE;
				GCC_WARN_UNUSED_FUNCTION = YES;
				GCC_WARN_UNUSED_VARIABLE = YES;
				LOCALIZATION_PREFERS_STRING_CATALOGS = YES;
				MACOSX_DEPLOYMENT_TARGET = 14.0;
				MTL_ENABLE_DEBUG_INFO = NO;
				MTL_FAST_MATH = YES;
				SDKROOT = macosx;
				SWIFT_COMPILATION_MODE = wholemodule;
			};
			name = Release;
		};
		A1000092000 /* Debug */ = {
			isa = XCBuildConfiguration;
			buildSettings = {
				ASSETCATALOG_COMPILER_APPICON_NAME = AppIcon;
				ASSETCATALOG_COMPILER_GLOBAL_ACCENT_COLOR_NAME = AccentColor;
				CODE_SIGN_ENTITLEMENTS = DECtalkSynthesizer/DECtalkSynthesizer.entitlements;
				CODE_SIGN_STYLE = Automatic;
				COMBINE_HIDPI_IMAGES = YES;
				CURRENT_PROJECT_VERSION = 1;
				DEVELOPMENT_TEAM = 9QBYDAX396;
				ENABLE_HARDENED_RUNTIME = YES;
				GENERATE_INFOPLIST_FILE = YES;
				INFOPLIST_FILE = DECtalkSynthesizer/Info.plist;
				INFOPLIST_KEY_CFBundleDisplayName = DECtalkSynthesizer;
				INFOPLIST_KEY_LSApplicationCategoryType = "public.app-category.utilities";
				INFOPLIST_KEY_NSHumanReadableCopyright = "";
				LD_RUNPATH_SEARCH_PATHS = (
					"$(inherited)",
					"@executable_path/../Frameworks",
				);
				MARKETING_VERSION = 1.0;
				PRODUCT_BUNDLE_IDENTIFIER = com.dectalk.synthesizer;
				PRODUCT_NAME = "$(TARGET_NAME)";
				SWIFT_EMIT_LOC_STRINGS = YES;
				SWIFT_VERSION = 5.0;
			};
			name = Debug;
		};
		A1000092001 /* Release */ = {
			isa = XCBuildConfiguration;
			buildSettings = {
				ASSETCATALOG_COMPILER_APPICON_NAME = AppIcon;
				ASSETCATALOG_COMPILER_GLOBAL_ACCENT_COLOR_NAME = AccentColor;
				CODE_SIGN_ENTITLEMENTS = DECtalkSynthesizer/DECtalkSynthesizer.entitlements;
				CODE_SIGN_STYLE = Automatic;
				COMBINE_HIDPI_IMAGES = YES;
				CURRENT_PROJECT_VERSION = 1;
				DEVELOPMENT_TEAM = 9QBYDAX396;
				ENABLE_HARDENED_RUNTIME = YES;
				GENERATE_INFOPLIST_FILE = YES;
				INFOPLIST_FILE = DECtalkSynthesizer/Info.plist;
				INFOPLIST_KEY_CFBundleDisplayName = DECtalkSynthesizer;
				INFOPLIST_KEY_LSApplicationCategoryType = "public.app-category.utilities";
				INFOPLIST_KEY_NSHumanReadableCopyright = "";
				LD_RUNPATH_SEARCH_PATHS = (
					"$(inherited)",
					"@executable_path/../Frameworks",
				);
				MARKETING_VERSION = 1.0;
				PRODUCT_BUNDLE_IDENTIFIER = com.dectalk.synthesizer;
				PRODUCT_NAME = "$(TARGET_NAME)";
				SWIFT_EMIT_LOC_STRINGS = YES;
				SWIFT_VERSION = 5.0;
			};
			name = Release;
		};
		A1000093000 /* Debug */ = {
			isa = XCBuildConfiguration;
			buildSettings = {
				CODE_SIGN_ENTITLEMENTS = DECtalkSynthesizerExtension/DECtalkSynthesizerExtension.entitlements;
				CODE_SIGN_STYLE = Automatic;
				CURRENT_PROJECT_VERSION = 1;
				DEVELOPMENT_TEAM = 9QBYDAX396;
				ENABLE_HARDENED_RUNTIME = YES;
				GCC_PREPROCESSOR_DEFINITIONS = (
					"$(inherited)",
					"_REENTRANT=1",
					"NOMME=1",
					"LTSSIM=1",
					"TTSSIM=1",
					"ANSI=1",
					"ENGLISH=1",
					"ENGLISH_US=1",
					"ACCESS32=1",
					"TYPING_MODE=1",
					"ACNA=1",
					"DISABLE_AUDIO=1",
					"SINGLE_THREADED=1",
				);
				GENERATE_INFOPLIST_FILE = YES;
				HEADER_SEARCH_PATHS = (
					"$(inherited)",
					"$(PROJECT_DIR)/Shared",
				);
				INFOPLIST_FILE = DECtalkSynthesizerExtension/Info.plist;
				INFOPLIST_KEY_CFBundleDisplayName = DECtalkSynthesizerExtension;
				INFOPLIST_KEY_NSHumanReadableCopyright = "";
				LD_RUNPATH_SEARCH_PATHS = (
					"$(inherited)",
					"@executable_path/../Frameworks",
					"@executable_path/../../../../Frameworks",
				);
				LIBRARY_SEARCH_PATHS = (
					"$(inherited)",
					"$(PROJECT_DIR)/lib",
				);
				MARKETING_VERSION = 1.0;
				PRODUCT_BUNDLE_IDENTIFIER = com.dectalk.synthesizer.extension;
				PRODUCT_NAME = "$(TARGET_NAME)";
				SKIP_INSTALL = YES;
				SWIFT_EMIT_LOC_STRINGS = YES;
				SWIFT_OBJC_BRIDGING_HEADER = "DECtalkSynthesizerExtension/DECtalkSynthesizerExtension-Bridging-Header.h";
				SWIFT_VERSION = 5.0;
			};
			name = Debug;
		};
		A1000093001 /* Release */ = {
			isa = XCBuildConfiguration;
			buildSettings = {
				CODE_SIGN_ENTITLEMENTS = DECtalkSynthesizerExtension/DECtalkSynthesizerExtension.entitlements;
				CODE_SIGN_STYLE = Automatic;
				CURRENT_PROJECT_VERSION = 1;
				DEVELOPMENT_TEAM = 9QBYDAX396;
				ENABLE_HARDENED_RUNTIME = YES;
				GCC_PREPROCESSOR_DEFINITIONS = (
					"$(inherited)",
					"_REENTRANT=1",
					"NOMME=1",
					"LTSSIM=1",
					"TTSSIM=1",
					"ANSI=1",
					"ENGLISH=1",
					"ENGLISH_US=1",
					"ACCESS32=1",
					"TYPING_MODE=1",
					"ACNA=1",
					"DISABLE_AUDIO=1",
					"SINGLE_THREADED=1",
				);
				GENERATE_INFOPLIST_FILE = YES;
				HEADER_SEARCH_PATHS = (
					"$(inherited)",
					"$(PROJECT_DIR)/Shared",
				);
				INFOPLIST_FILE = DECtalkSynthesizerExtension/Info.plist;
				INFOPLIST_KEY_CFBundleDisplayName = DECtalkSynthesizerExtension;
				INFOPLIST_KEY_NSHumanReadableCopyright = "";
				LD_RUNPATH_SEARCH_PATHS = (
					"$(inherited)",
					"@executable_path/../Frameworks",
					"@executable_path/../../../../Frameworks",
				);
				LIBRARY_SEARCH_PATHS = (
					"$(inherited)",
					"$(PROJECT_DIR)/lib",
				);
				MARKETING_VERSION = 1.0;
				PRODUCT_BUNDLE_IDENTIFIER = com.dectalk.synthesizer.extension;
				PRODUCT_NAME = "$(TARGET_NAME)";
				SKIP_INSTALL = YES;
				SWIFT_EMIT_LOC_STRINGS = YES;
				SWIFT_OBJC_BRIDGING_HEADER = "DECtalkSynthesizerExtension/DECtalkSynthesizerExtension-Bridging-Header.h";
				SWIFT_VERSION = 5.0;
			};
			name = Release;
		};
/* End XCBuildConfiguration section */

/* Begin XCConfigurationList section */
		A1000090000 /* Build configuration list for PBXProject "DECtalkSynthesizer" */ = {
			isa = XCConfigurationList;
			buildConfigurations = (
				A1000091000 /* Debug */,
				A1000091001 /* Release */,
			);
			defaultConfigurationIsVisible = 0;
			defaultConfigurationName = Release;
		};
		A1000090001 /* Build configuration list for PBXNativeTarget "DECtalkSynthesizer" */ = {
			isa = XCConfigurationList;
			buildConfigurations = (
				A1000092000 /* Debug */,
				A1000092001 /* Release */,
			);
			defaultConfigurationIsVisible = 0;
			defaultConfigurationName = Release;
		};
		A1000090002 /* Build configuration list for PBXNativeTarget "DECtalkSynthesizerExtension" */ = {
			isa = XCConfigurationList;
			buildConfigurations = (
				A1000093000 /* Debug */,
				A1000093001 /* Release */,
			);
			defaultConfigurationIsVisible = 0;
			defaultConfigurationName = Release;
		};
/* End XCConfigurationList section */
	};
	rootObject = A1000099000 /* Project object */;
}
